
Microsoft Visual Studio Solution File, Format Version 12.00
# Visual Studio Version 16
VisualStudioVersion = 16.0.30611.23
MinimumVisualStudioVersion = 10.0.40219.1
Project("{159641D6-6404-4A2A-AE62-294DE0FE8301}") = "TPCDI", "TPCDI\TPCDI.dtproj", "{37399724-D774-4A8B-96BB-304FA8287DBA}"
EndProject
Global
	GlobalSection(SolutionConfigurationPlatforms) = preSolution
		Development|Default = Development|Default
	EndGlobalSection
	GlobalSection(ProjectConfigurationPlatforms) = postSolution
		{37399724-D774-4A8B-96BB-304FA8287DBA}.Development|Default.ActiveCfg = Development
		{37399724-D774-4A8B-96BB-304FA8287DBA}.Development|Default.Build.0 = Development
	EndGlobalSection
	GlobalSection(SolutionProperties) = preSolution
		HideSolutionNode = FALSE
	EndGlobalSection
	GlobalSection(ExtensibilityGlobals) = postSolution
		SolutionGuid = {1505C338-3401-4AAD-89E0-CCB4A9A8E20A}
	EndGlobalSection
EndGlobal
